
Microsoft Visual Studio Solution File, Format Version 12.00
# Visual Studio Version 16
VisualStudioVersion = 25.0.1704.3
MinimumVisualStudioVersion = 10.0.40219.1
Project("{FAE04EC0-301F-11D3-BF4B-00C04F79EFBC}") = "TacoBellAPI", "TacoBellAPI\TacoBellAPI.csproj", "{F0F34034-D264-4984-8E9E-F4577F6BC872}"
EndProject
Global
	GlobalSection(SolutionConfigurationPlatforms) = preSolution
		Debug|Any CPU = Debug|Any CPU
		Release|Any CPU = Release|Any CPU
	EndGlobalSection
	GlobalSection(ProjectConfigurationPlatforms) = postSolution
		{F0F34034-D264-4984-8E9E-F4577F6BC872}.Debug|Any CPU.ActiveCfg = Debug|Any CPU
		{F0F34034-D264-4984-8E9E-F4577F6BC872}.Debug|Any CPU.Build.0 = Debug|Any CPU
		{F0F34034-D264-4984-8E9E-F4577F6BC872}.Release|Any CPU.ActiveCfg = Release|Any CPU
		{F0F34034-D264-4984-8E9E-F4577F6BC872}.Release|Any CPU.Build.0 = Release|Any CPU
	EndGlobalSection
	GlobalSection(SolutionProperties) = preSolution
		HideSolutionNode = FALSE
	EndGlobalSection
	GlobalSection(ExtensibilityGlobals) = postSolution
		SolutionGuid = {A10AC7E6-FE4A-4EE2-AB07-D59EC770B033}
	EndGlobalSection
EndGlobal
